
Microsoft Visual Studio Solution File, Format Version 12.00
# Visual Studio Version 16
VisualStudioVersion = 16.0.30611.23
MinimumVisualStudioVersion = 10.0.40219.1
Project("{FAE04EC0-301F-11D3-BF4B-00C04F79EFBC}") = "E-Commerce", "E-Commerce\E-Commerce.csproj", "{058D78A7-7E7F-4FAD-9402-0AE04DB9EAB1}"
EndProject
Project("{FAE04EC0-301F-11D3-BF4B-00C04F79EFBC}") = "Data", "Data\Data.csproj", "{FBCA54D2-03F6-417E-A14F-E41C56953A7A}"
EndProject
Global
	GlobalSection(SolutionConfigurationPlatforms) = preSolution
		Debug|Any CPU = Debug|Any CPU
		Release|Any CPU = Release|Any CPU
	EndGlobalSection
	GlobalSection(ProjectConfigurationPlatforms) = postSolution
		{058D78A7-7E7F-4FAD-9402-0AE04DB9EAB1}.Debug|Any CPU.ActiveCfg = Debug|Any CPU
		{058D78A7-7E7F-4FAD-9402-0AE04DB9EAB1}.Debug|Any CPU.Build.0 = Debug|Any CPU
		{058D78A7-7E7F-4FAD-9402-0AE04DB9EAB1}.Release|Any CPU.ActiveCfg = Release|Any CPU
		{058D78A7-7E7F-4FAD-9402-0AE04DB9EAB1}.Release|Any CPU.Build.0 = Release|Any CPU
		{FBCA54D2-03F6-417E-A14F-E41C56953A7A}.Debug|Any CPU.ActiveCfg = Debug|Any CPU
		{FBCA54D2-03F6-417E-A14F-E41C56953A7A}.Debug|Any CPU.Build.0 = Debug|Any CPU
		{FBCA54D2-03F6-417E-A14F-E41C56953A7A}.Release|Any CPU.ActiveCfg = Release|Any CPU
		{FBCA54D2-03F6-417E-A14F-E41C56953A7A}.Release|Any CPU.Build.0 = Release|Any CPU
	EndGlobalSection
	GlobalSection(SolutionProperties) = preSolution
		HideSolutionNode = FALSE
	EndGlobalSection
	GlobalSection(ExtensibilityGlobals) = postSolution
		SolutionGuid = {BBF13FC2-F799-42FA-8E97-C717FF047295}
	EndGlobalSection
EndGlobal
